
Microsoft Visual Studio Solution File, Format Version 12.00
# Visual Studio Version 17
VisualStudioVersion = 17.0.32112.339
MinimumVisualStudioVersion = 10.0.40219.1
Project("{FAE04EC0-301F-11D3-BF4B-00C04F79EFBC}") = "TestProject1_NUnit", "TestProject1_NUnit\TestProject1_NUnit.csproj", "{EF9EC6B2-03B7-4E58-923D-BCE2FEAF1EE8}"
EndProject
Global
	GlobalSection(SolutionConfigurationPlatforms) = preSolution
		Debug|Any CPU = Debug|Any CPU
		Release|Any CPU = Release|Any CPU
	EndGlobalSection
	GlobalSection(ProjectConfigurationPlatforms) = postSolution
		{EF9EC6B2-03B7-4E58-923D-BCE2FEAF1EE8}.Debug|Any CPU.ActiveCfg = Debug|Any CPU
		{EF9EC6B2-03B7-4E58-923D-BCE2FEAF1EE8}.Debug|Any CPU.Build.0 = Debug|Any CPU
		{EF9EC6B2-03B7-4E58-923D-BCE2FEAF1EE8}.Release|Any CPU.ActiveCfg = Release|Any CPU
		{EF9EC6B2-03B7-4E58-923D-BCE2FEAF1EE8}.Release|Any CPU.Build.0 = Release|Any CPU
	EndGlobalSection
	GlobalSection(SolutionProperties) = preSolution
		HideSolutionNode = FALSE
	EndGlobalSection
	GlobalSection(ExtensibilityGlobals) = postSolution
		SolutionGuid = {02B31F53-1E6A-442D-BD50-B64AFFFB08B0}
	EndGlobalSection
EndGlobal
